
Microsoft Visual Studio Solution File, Format Version 12.00
# Visual Studio Version 16
VisualStudioVersion = 16.0.29306.81
MinimumVisualStudioVersion = 10.0.40219.1
Project("{FAE04EC0-301F-11D3-BF4B-00C04F79EFBC}") = "Calculate MVP", "Calculate MVP.csproj", "{53D01431-68FC-42EC-A814-0B8B233EDFCD}"
EndProject
Global
	GlobalSection(SolutionConfigurationPlatforms) = preSolution
		Debug|Any CPU = Debug|Any CPU
		Release|Any CPU = Release|Any CPU
	EndGlobalSection
	GlobalSection(ProjectConfigurationPlatforms) = postSolution
		{53D01431-68FC-42EC-A814-0B8B233EDFCD}.Debug|Any CPU.ActiveCfg = Debug|Any CPU
		{53D01431-68FC-42EC-A814-0B8B233EDFCD}.Debug|Any CPU.Build.0 = Debug|Any CPU
		{53D01431-68FC-42EC-A814-0B8B233EDFCD}.Release|Any CPU.ActiveCfg = Release|Any CPU
		{53D01431-68FC-42EC-A814-0B8B233EDFCD}.Release|Any CPU.Build.0 = Release|Any CPU
	EndGlobalSection
	GlobalSection(SolutionProperties) = preSolution
		HideSolutionNode = FALSE
	EndGlobalSection
	GlobalSection(ExtensibilityGlobals) = postSolution
		SolutionGuid = {5B19AC25-2BE3-4CBB-98FD-AF60508B2A4E}
	EndGlobalSection
EndGlobal
